{
  "name": "automation-infogain",
  "version": "1.0.0",
  "lockfileVersion": 3,
  "requires": true,
  "packages": {
    "": {
      "name": "automation-infogain",
      "version": "1.0.0",
      "license": "MIT",
      "license": "ISC",
      "dependencies": {
        "dotenv": "^16.3.1"
      },
      "devDependencies": {
        "@playwright/test": "^1.40.0",
        "@types/node": "^20.10.0",
        "@typescript-eslint/eslint-plugin": "^6.13.0",
        "@typescript-eslint/parser": "^6.13.0",
        "eslint": "^8.54.0",
        "playwright-bdd": "^8.4.2",
        "prettier": "^3.1.0",
        "ts-node": "^10.9.2",
        "typescript": "^5.9.3"
      }
    },
    "node_modules/@cspotcode/source-map-support": {
      "version": "0.8.1",
      "resolved": "https://registry.npmjs.org/@cspotcode/source-map-support/-/source-map-support-0.8.1.tgz",
      "integrity": "sha512-IchNf6dN4tHoMFIn/7OE8LWZ19Y6q/67Bmf6vnGREv8RSbBVb9LPJxEcnwrcwX6ixSvaiGoomAUvu4YSxXrVgw==",
      "dev": true,
      "license": "MIT",
      "dependencies": {
        "@jridgewell/trace-mapping": "0.3.9"
      },
      "engines": {
        "node": ">=12"
      }
    },
    "node_modules/@cucumber/cucumber-expressions": {
      "version": "18.0.1",
      "resolved": "https://registry.npmjs.org/@cucumber/cucumber-expressions/-/cucumber-expressions-18.0.1.tgz",
      "integrity": "sha512-NSid6bI+7UlgMywl5octojY5NXnxR9uq+JisjOrO52VbFsQM6gTWuQFE8syI10KnIBEdPzuEUSVEeZ0VFzRnZA==",
      "dev": true,
      "license": "MIT",
      "dependencies": {
        "regexp-match-indices": "1.0.2"
      }
    },
    "node_modules/@cucumber/gherkin": {
      "version": "32.2.0",
      "resolved": "https://registry.npmjs.org/@cucumber/gherkin/-/gherkin-32.2.0.tgz",
      "integrity": "sha512-X8xuVhSIqlUjxSRifRJ7t0TycVWyX58fygJH3wDNmHINLg9sYEkvQT0SO2G5YlRZnYc11TIFr4YPenscvdlBIw==",
      "dev": true,
      "license": "MIT",
      "dependencies": {
        "@cucumber/messages": ">=19.1.4 <28"
      }
    },
    "node_modules/@cucumber/gherkin-utils": {
      "version": "9.2.0",
      "resolved": "https://registry.npmjs.org/@cucumber/gherkin-utils/-/gherkin-utils-9.2.0.tgz",
      "integrity": "sha512-3nmRbG1bUAZP3fAaUBNmqWO0z0OSkykZZotfLjyhc8KWwDSOrOmMJlBTd474lpA8EWh4JFLAX3iXgynBqBvKzw==",
      "dev": true,
      "license": "MIT",
      "dependencies": {
        "@cucumber/gherkin": "^31.0.0",
        "@cucumber/messages": "^27.0.0",
        "@teppeis/multimaps": "3.0.0",
        "commander": "13.1.0",
        "source-map-support": "^0.5.21"
      },
      "bin": {
        "gherkin-utils": "bin/gherkin-utils"
      }
    },
    "node_modules/@cucumber/gherkin-utils/node_modules/@cucumber/gherkin": {
      "version": "31.0.0",
      "resolved": "https://registry.npmjs.org/@cucumber/gherkin/-/gherkin-31.0.0.tgz",
      "integrity": "sha512-wlZfdPif7JpBWJdqvHk1Mkr21L5vl4EfxVUOS4JinWGf3FLRV6IKUekBv5bb5VX79fkDcfDvESzcQ8WQc07Wgw==",
      "dev": true,
      "license": "MIT",
      "dependencies": {
        "@cucumber/messages": ">=19.1.4 <=26"
      }
    },
    "node_modules/@cucumber/gherkin-utils/node_modules/@cucumber/gherkin/node_modules/@cucumber/messages": {
      "version": "26.0.1",
      "resolved": "https://registry.npmjs.org/@cucumber/messages/-/messages-26.0.1.tgz",
      "integrity": "sha512-DIxSg+ZGariumO+Lq6bn4kOUIUET83A4umrnWmidjGFl8XxkBieUZtsmNbLYgH/gnsmP07EfxxdTr0hOchV1Sg==",
      "dev": true,
      "license": "MIT",
      "dependencies": {
        "@types/uuid": "10.0.0",
        "class-transformer": "0.5.1",
        "reflect-metadata": "0.2.2",
        "uuid": "10.0.0"
      }
    },
    "node_modules/@cucumber/gherkin-utils/node_modules/uuid": {
      "version": "10.0.0",
      "resolved": "https://registry.npmjs.org/uuid/-/uuid-10.0.0.tgz",
      "integrity": "sha512-8XkAphELsDnEGrDxUOHB3RGvXz6TeuYSGEZBOjtTtPm2lwhGBjLgOzLHB63IUWfBpNucQjND6d3AOudO+H3RWQ==",
      "dev": true,
      "funding": [
        "https://github.com/sponsors/broofa",
        "https://github.com/sponsors/ctavan"
      ],
      "license": "MIT",
      "bin": {
        "uuid": "dist/bin/uuid"
      }
    },
    "node_modules/@cucumber/html-formatter": {
      "version": "21.15.1",
      "resolved": "https://registry.npmjs.org/@cucumber/html-formatter/-/html-formatter-21.15.1.tgz",
      "integrity": "sha512-tjxEpP161sQ7xc3VREc94v1ymwIckR3ySViy7lTvfi1jUpyqy2Hd/p4oE3YT1kQ9fFDvUflPwu5ugK5mA7BQLA==",
      "dev": true,
      "license": "MIT",
      "peerDependencies": {
        "@cucumber/messages": ">=18"
      }
    },
    "node_modules/@cucumber/junit-xml-formatter": {
      "version": "0.7.1",
      "resolved": "https://registry.npmjs.org/@cucumber/junit-xml-formatter/-/junit-xml-formatter-0.7.1.tgz",
      "integrity": "sha512-AzhX+xFE/3zfoYeqkT7DNq68wAQfBcx4Dk9qS/ocXM2v5tBv6eFQ+w8zaSfsktCjYzu4oYRH/jh4USD1CYHfaQ==",
      "dev": true,
      "license": "MIT",
      "dependencies": {
        "@cucumber/query": "^13.0.2",
        "@teppeis/multimaps": "^3.0.0",
        "luxon": "^3.5.0",
        "xmlbuilder": "^15.1.1"
      },
      "peerDependencies": {
        "@cucumber/messages": "*"
      }
    },
    "node_modules/@cucumber/messages": {
      "version": "27.2.0",
      "resolved": "https://registry.npmjs.org/@cucumber/messages/-/messages-27.2.0.tgz",
      "integrity": "sha512-f2o/HqKHgsqzFLdq6fAhfG1FNOQPdBdyMGpKwhb7hZqg0yZtx9BVqkTyuoNk83Fcvk3wjMVfouFXXHNEk4nddA==",
      "dev": true,
      "license": "MIT",
      "dependencies": {
        "@types/uuid": "10.0.0",
        "class-transformer": "0.5.1",
        "reflect-metadata": "0.2.2",
        "uuid": "11.0.5"
      }
    },
    "node_modules/@cucumber/query": {
      "version": "13.6.0",
      "resolved": "https://registry.npmjs.org/@cucumber/query/-/query-13.6.0.tgz",
      "integrity": "sha512-tiDneuD5MoWsJ9VKPBmQok31mSX9Ybl+U4wqDoXeZgsXHDURqzM3rnpWVV3bC34y9W6vuFxrlwF/m7HdOxwqRw==",
      "dev": true,
      "license": "MIT",
      "dependencies": {
        "@teppeis/multimaps": "3.0.0",
        "lodash.sortby": "^4.7.0"
      },
      "peerDependencies": {
        "@cucumber/messages": "*"
      }
    },
    "node_modules/@cucumber/tag-expressions": {
      "version": "6.2.0",
      "resolved": "https://registry.npmjs.org/@cucumber/tag-expressions/-/tag-expressions-6.2.0.tgz",
      "integrity": "sha512-KIF0eLcafHbWOuSDWFw0lMmgJOLdDRWjEL1kfXEWrqHmx2119HxVAr35WuEd9z542d3Yyg+XNqSr+81rIKqEdg==",
      "dev": true,
      "license": "MIT"
    },
    "node_modules/@eslint-community/eslint-utils": {
      "version": "4.9.0",
      "resolved": "https://registry.npmjs.org/@eslint-community/eslint-utils/-/eslint-utils-4.9.0.tgz",
      "integrity": "sha512-ayVFHdtZ+hsq1t2Dy24wCmGXGe4q9Gu3smhLYALJrr473ZH27MsnSL+LKUlimp4BWJqMDMLmPpx/Q9R3OAlL4g==",
      "dev": true,
      "license": "MIT",
      "dependencies": {
        "eslint-visitor-keys": "^3.4.3"
      },
      "engines": {
        "node": "^12.22.0 || ^14.17.0 || >=16.0.0"
      },
      "funding": {
        "url": "https://opencollective.com/eslint"
      },
      "peerDependencies": {
        "eslint": "^6.0.0 || ^7.0.0 || >=8.0.0"
      }
    },
    "node_modules/@eslint-community/regexpp": {
      "version": "4.12.2",
      "resolved": "https://registry.npmjs.org/@eslint-community/regexpp/-/regexpp-4.12.2.tgz",
      "integrity": "sha512-EriSTlt5OC9/7SXkRSCAhfSxxoSUgBm33OH+IkwbdpgoqsSsUg7y3uh+IICI/Qg4BBWr3U2i39RpmycbxMq4ew==",
      "dev": true,
      "license": "MIT",
      "engines": {
        "node": "^12.0.0 || ^14.0.0 || >=16.0.0"
      }
    },
    "node_modules/@eslint/eslintrc": {
      "version": "2.1.4",
      "resolved": "https://registry.npmjs.org/@eslint/eslintrc/-/eslintrc-2.1.4.tgz",
      "integrity": "sha512-269Z39MS6wVJtsoUl10L60WdkhJVdPG24Q4eZTH3nnF6lpvSShEK3wQjDX9JRWAUPvPh7COouPpU9IrqaZFvtQ==",
      "dev": true,
      "license": "MIT",
      "dependencies": {
        "ajv": "^6.12.4",
        "debug": "^4.3.2",
        "espree": "^9.6.0",
        "globals": "^13.19.0",
        "ignore": "^5.2.0",
        "import-fresh": "^3.2.1",
        "js-yaml": "^4.1.0",
        "minimatch": "^3.1.2",
        "strip-json-comments": "^3.1.1"
      },
      "engines": {
        "node": "^12.22.0 || ^14.17.0 || >=16.0.0"
      },
      "funding": {
        "url": "https://opencollective.com/eslint"
      }
    },
    "node_modules/@eslint/eslintrc/node_modules/brace-expansion": {
      "version": "1.1.12",
      "resolved": "https://registry.npmjs.org/brace-expansion/-/brace-expansion-1.1.12.tgz",
      "integrity": "sha512-9T9UjW3r0UW5c1Q7GTwllptXwhvYmEzFhzMfZ9H7FQWt+uZePjZPjBP/W1ZEyZ1twGWom5/56TF4lPcqjnDHcg==",
      "dev": true,
      "license": "MIT",
      "dependencies": {
        "balanced-match": "^1.0.0",
        "concat-map": "0.0.1"
      }
    },
    "node_modules/@eslint/eslintrc/node_modules/minimatch": {
      "version": "3.1.2",
      "resolved": "https://registry.npmjs.org/minimatch/-/minimatch-3.1.2.tgz",
      "integrity": "sha512-J7p63hRiAjw1NDEww1W7i37+ByIrOWO5XQQAzZ3VOcL0PNybwpfmV/N05zFAzwQ9USyEcX6t3UO+K5aqBQOIHw==",
      "dev": true,
      "license": "ISC",
      "dependencies": {
        "brace-expansion": "^1.1.7"
      },
      "engines": {
        "node": "*"
      }
    },
    "node_modules/@eslint/js": {
      "version": "8.57.1",
      "resolved": "https://registry.npmjs.org/@eslint/js/-/js-8.57.1.tgz",
      "integrity": "sha512-d9zaMRSTIKDLhctzH12MtXvJKSSUhaHcjV+2Z+GK+EEY7XKpP5yR4x+N3TAcHTcu963nIr+TMcCb4DBCYX1z6Q==",
      "dev": true,
      "license": "MIT",
      "engines": {
        "node": "^12.17.0 || ^14.13 || >=16.0.0"
      },
      "funding": {
        "url": "https://github.com/chalk/chalk?sponsor=1"
      }
    }
  }
}
